
Microsoft Visual Studio Solution File, Format Version 12.00
# Visual Studio Version 17
VisualStudioVersion = 17.6.33801.468
MinimumVisualStudioVersion = 10.0.40219.1
Project("{9A19103F-16F7-4668-BE54-9A1E7A4F7556}") = "SlaveryMarket.BL", "SlaveryMarket.BL\SlaveryMarket.BL.csproj", "{6014C73C-0222-4111-8DA8-35B0B8540BB4}"
EndProject
Project("{9A19103F-16F7-4668-BE54-9A1E7A4F7556}") = "SlaveryMarket.Data", "SlaveryMarket.Data\SlaveryMarket.Data.csproj", "{8FCC6279-676D-4326-B358-E7E242AF0F29}"
EndProject
Project("{9A19103F-16F7-4668-BE54-9A1E7A4F7556}") = "SlaveryMarket.Web", "SlaveryMarket.Web\SlaveryMarket.Web.csproj", "{19B602E4-0F74-4EC8-A875-9A95FC53ED15}"
EndProject
Project("{FAE04EC0-301F-11D3-BF4B-00C04F79EFBC}") = "SlavaeryMarket.Services", "SlavaeryMarket.Services\SlavaeryMarket.Services.csproj", "{5B2ED49E-7290-4C7B-9B1B-3745EC7E6204}"
EndProject
Global
	GlobalSection(SolutionConfigurationPlatforms) = preSolution
		Debug|Any CPU = Debug|Any CPU
		Release|Any CPU = Release|Any CPU
	EndGlobalSection
	GlobalSection(ProjectConfigurationPlatforms) = postSolution
		{6014C73C-0222-4111-8DA8-35B0B8540BB4}.Debug|Any CPU.ActiveCfg = Debug|Any CPU
		{6014C73C-0222-4111-8DA8-35B0B8540BB4}.Debug|Any CPU.Build.0 = Debug|Any CPU
		{6014C73C-0222-4111-8DA8-35B0B8540BB4}.Release|Any CPU.ActiveCfg = Release|Any CPU
		{6014C73C-0222-4111-8DA8-35B0B8540BB4}.Release|Any CPU.Build.0 = Release|Any CPU
		{8FCC6279-676D-4326-B358-E7E242AF0F29}.Debug|Any CPU.ActiveCfg = Debug|Any CPU
		{8FCC6279-676D-4326-B358-E7E242AF0F29}.Debug|Any CPU.Build.0 = Debug|Any CPU
		{8FCC6279-676D-4326-B358-E7E242AF0F29}.Release|Any CPU.ActiveCfg = Release|Any CPU
		{8FCC6279-676D-4326-B358-E7E242AF0F29}.Release|Any CPU.Build.0 = Release|Any CPU
		{19B602E4-0F74-4EC8-A875-9A95FC53ED15}.Debug|Any CPU.ActiveCfg = Debug|Any CPU
		{19B602E4-0F74-4EC8-A875-9A95FC53ED15}.Debug|Any CPU.Build.0 = Debug|Any CPU
		{19B602E4-0F74-4EC8-A875-9A95FC53ED15}.Release|Any CPU.ActiveCfg = Release|Any CPU
		{19B602E4-0F74-4EC8-A875-9A95FC53ED15}.Release|Any CPU.Build.0 = Release|Any CPU
		{5B2ED49E-7290-4C7B-9B1B-3745EC7E6204}.Debug|Any CPU.ActiveCfg = Debug|Any CPU
		{5B2ED49E-7290-4C7B-9B1B-3745EC7E6204}.Debug|Any CPU.Build.0 = Debug|Any CPU
		{5B2ED49E-7290-4C7B-9B1B-3745EC7E6204}.Release|Any CPU.ActiveCfg = Release|Any CPU
		{5B2ED49E-7290-4C7B-9B1B-3745EC7E6204}.Release|Any CPU.Build.0 = Release|Any CPU
	EndGlobalSection
	GlobalSection(SolutionProperties) = preSolution
		HideSolutionNode = FALSE
	EndGlobalSection
	GlobalSection(ExtensibilityGlobals) = postSolution
		SolutionGuid = {0BE39C98-27D1-43DF-896C-92287C6A378B}
	EndGlobalSection
EndGlobal
